{
  "nodes": {
    "gecko-dev": {
      "flake": false,
      "locked": {
        "lastModified": 1617830516,
        "narHash": "sha256-n9+W7T3PYMKA27KwnwKPinNtRq+UjIx8sYbByALRzho=",
        "owner": "mozilla",
        "repo": "gecko-dev",
        "rev": "21110f35dbb95d3c41c8c5bd363ec689900af30f",
        "type": "github"
      },
      "original": {
        "owner": "mozilla",
        "repo": "gecko-dev",
        "rev": "21110f35dbb95d3c41c8c5bd363ec689900af30f",
        "type": "github"
      }
    },
    "nixpkgs": {
      "locked": {
        "lastModified": 1617636226,
        "narHash": "sha256-iZhBWrOR2DoDs1C+0FlnM9AQLMol/qoGQ+d+S43CKJM=",
        "owner": "nixos",
        "repo": "nixpkgs",
        "rev": "3d1a7716d7f1fccbd7d30ab3b2ed3db831f43bde",
        "type": "github"
      },
      "original": {
        "owner": "nixos",
        "ref": "nixos-unstable",
        "repo": "nixpkgs",
        "type": "github"
      }
    },
    "nss": {
      "inputs": {
        "nixpkgs": [
          "nixpkgs"
        ],
        "nss-dev": "nss-dev"
      },
      "locked": {
        "lastModified": 1611692106,
        "narHash": "sha256-cy3YcJzG7NUKMQXbq58n66e/php/TZg3s8GtOob+wlo=",
        "owner": "calbrecht",
        "repo": "f4s-nss",
        "rev": "0b03e0e95adee93ed738daee92947cace0d38836",
        "type": "github"
      },
      "original": {
        "owner": "calbrecht",
        "repo": "f4s-nss",
        "type": "github"
      }
    },
    "nss-dev": {
      "flake": false,
      "locked": {
        "lastModified": 1611335308,
        "narHash": "sha256-xats4lyhtvPLnQrVVW1lIo/bj3DT4O2jv1BmXNOmnrY=",
        "owner": "nss-dev",
        "repo": "nss",
        "rev": "8f01a1b06b0c300922941fbbace1ffc9e9bfbaca",
        "type": "github"
      },
      "original": {
        "owner": "nss-dev",
        "ref": "NSS_3_61_RTM",
        "repo": "nss",
        "type": "github"
      }
    },
    "root": {
      "inputs": {
        "gecko-dev": "gecko-dev",
        "nixpkgs": "nixpkgs",
        "nss": "nss"
      }
    }
  },
  "root": "root",
  "version": 7
}
