{
  "nodes": {
    "gecko-dev": {
      "flake": false,
      "locked": {
        "lastModified": 1610746116,
        "narHash": "sha256-c199dCIqyuVk3UI1ClQRbVR6mdkFfoG/tRxkLVZT2Hg=",
        "owner": "mozilla",
        "repo": "gecko-dev",
        "rev": "361d3e3a61929bb3fc4f088adf97649e38900f00",
        "type": "github"
      },
      "original": {
        "owner": "mozilla",
        "repo": "gecko-dev",
        "rev": "361d3e3a61929bb3fc4f088adf97649e38900f00",
        "type": "github"
      }
    },
    "nixpkgs": {
      "locked": {
        "lastModified": 1610219734,
        "narHash": "sha256-hCsGe2nDz+SX4uO+lj0qPVcSGZdt52R9Yk5MOYs4djw=",
        "owner": "nixos",
        "repo": "nixpkgs",
        "rev": "257cbbcd3ab7bd96f5d24d50adc807de7c82e06d",
        "type": "github"
      },
      "original": {
        "owner": "nixos",
        "ref": "nixos-unstable",
        "repo": "nixpkgs",
        "type": "github"
      }
    },
    "nss": {
      "inputs": {
        "nixpkgs": [
          "nixpkgs"
        ],
        "nss-dev": "nss-dev"
      },
      "locked": {
        "dir": "nss",
        "lastModified": 1610799583,
        "narHash": "sha256-u67TZ/yfSzClSQ9SJBwKq0213w9yzt2L4iMc8ja4h5Q=",
        "owner": "calbrecht",
        "repo": "firefox-nightly-flake",
        "rev": "7078dbe76b6ca942ce200af9e903fd1905c60b95",
        "type": "github"
      },
      "original": {
        "dir": "nss",
        "owner": "calbrecht",
        "repo": "firefox-nightly-flake",
        "type": "github"
      }
    },
    "nss-dev": {
      "flake": false,
      "locked": {
        "lastModified": 1608656198,
        "narHash": "sha256-gg1dkRaI5/r4/1bwanlmCsbM73ER7+5B5W0Q6c9MmDI=",
        "owner": "nss-dev",
        "repo": "nss",
        "rev": "fac0bade04aded89825cba0cb5b72f486444615a",
        "type": "github"
      },
      "original": {
        "owner": "nss-dev",
        "repo": "nss",
        "rev": "fac0bade04aded89825cba0cb5b72f486444615a",
        "type": "github"
      }
    },
    "root": {
      "inputs": {
        "gecko-dev": "gecko-dev",
        "nixpkgs": "nixpkgs",
        "nss": "nss"
      }
    }
  },
  "root": "root",
  "version": 7
}
