{
  "nodes": {
    "gecko-dev": {
      "flake": false,
      "locked": {
        "lastModified": 1626324430,
        "narHash": "sha256-hLlxuBbQnX1o3g92TGVQ3kJ8vTamiQXj+SkOgCXNLSk=",
        "owner": "mozilla",
        "repo": "gecko-dev",
        "rev": "77f0b36028b2368e342c982ea47609040b399d89",
        "type": "github"
      },
      "original": {
        "owner": "mozilla",
        "repo": "gecko-dev",
        "rev": "77f0b36028b2368e342c982ea47609040b399d89",
        "type": "github"
      }
    },
    "nixpkgs": {
      "locked": {
        "lastModified": 1626216800,
        "narHash": "sha256-rENRelK5xaXp+rIi68Sow0uPYx00kUA38yGOUcjWivI=",
        "owner": "nixos",
        "repo": "nixpkgs",
        "rev": "5e9429689a988bac273a98b3f85cb71d1aa15eb0",
        "type": "github"
      },
      "original": {
        "owner": "nixos",
        "ref": "nixos-unstable",
        "repo": "nixpkgs",
        "type": "github"
      }
    },
    "nss": {
      "inputs": {
        "nixpkgs": [
          "nixpkgs"
        ],
        "nss-dev": "nss-dev"
      },
      "locked": {
        "lastModified": 1622368082,
        "narHash": "sha256-q0KzoofPXHXb7bTuOYTzV5z2f/C1bBolJD7IR7k5fZ4=",
        "owner": "calbrecht",
        "repo": "f4s-nss",
        "rev": "a04a0847c31ff65dd84edc491859b63bdf969caf",
        "type": "github"
      },
      "original": {
        "owner": "calbrecht",
        "repo": "f4s-nss",
        "type": "github"
      }
    },
    "nss-dev": {
      "flake": false,
      "locked": {
        "lastModified": 1622195443,
        "narHash": "sha256-2IT+KYzo+iisu//wNnwuTXm193c+16UcWuqCR82G5+M=",
        "owner": "nss-dev",
        "repo": "nss",
        "rev": "ecc7deaa8d3216c7ba8b9a397625ce1dbc31fefc",
        "type": "github"
      },
      "original": {
        "owner": "nss-dev",
        "ref": "NSS_3_66_RTM",
        "repo": "nss",
        "type": "github"
      }
    },
    "root": {
      "inputs": {
        "gecko-dev": "gecko-dev",
        "nixpkgs": "nixpkgs",
        "nss": "nss"
      }
    }
  },
  "root": "root",
  "version": 7
}
